{
  "name": "ilhadevelopment",
  "version": "1.0.0",
  "lockfileVersion": 1,
  "requires": true,
  "dependencies": {
    "add-px": {
      "version": "1.0.0",
      "resolved": "https://registry.npmjs.org/add-px/-/add-px-1.0.0.tgz",
      "integrity": "sha1-ifvyR8WeXPcrm93P+Rn5bYBa/34="
    },
    "contrast": {
      "version": "1.0.1",
      "resolved": "https://registry.npmjs.org/contrast/-/contrast-1.0.1.tgz",
      "integrity": "sha1-g5xm2IUiadM/TrChuS2ZS90WOF4=",
      "requires": {
        "hex-to-rgb": "^1.0.0"
      }
    },
    "hex-to-rgb": {
      "version": "1.0.1",
      "resolved": "https://registry.npmjs.org/hex-to-rgb/-/hex-to-rgb-1.0.1.tgz",
      "integrity": "sha1-EAud8SazLydirfhIa+aMZe+O0qQ="
    },
    "initials": {
      "version": "2.1.5",
      "resolved": "https://registry.npmjs.org/initials/-/initials-2.1.5.tgz",
      "integrity": "sha1-NsyWyZhtgOEuPTTazZ+q+9g1dGI="
    },
    "react-user-avatar": {
      "version": "1.10.0",
      "resolved": "https://registry.npmjs.org/react-user-avatar/-/react-user-avatar-1.10.0.tgz",
      "integrity": "sha1-eaOElWtuozJ5Oz4fJlFlk1bdbMg=",
      "requires": {
        "add-px": "^1.0.0",
        "contrast": "^1.0.1",
        "initials": "^2.1.5"
      }
    }
  }
}
